<?xml version="1.0" encoding="utf-8"?>
<Project ToolsVersion="4.0" xmlns="http://schemas.microsoft.com/developer/msbuild/2003">
  <ItemGroup>
    <Filter Include="code">
      <UniqueIdentifier>{e140803c-bd2b-4528-a2f2-cf570833cd50}</UniqueIdentifier>
    </Filter>
    <Filter Include="code\cjson">
      <UniqueIdentifier>{500c7e7f-eec1-47af-bf89-35541aca31ae}</UniqueIdentifier>
    </Filter>
    <Filter Include="code\filesystem">
      <UniqueIdentifier>{74419d2d-3d87-4d7a-86ee-71ce2caa7118}</UniqueIdentifier>
    </Filter>
    <Filter Include="code\core">
      <UniqueIdentifier>{16cc13e0-855e-4478-8f13-b963d38d9b0f}</UniqueIdentifier>
    </Filter>
    <Filter Include="code\utility">
      <UniqueIdentifier>{f77d9a3c-74c3-48dd-a400-83a6ff515400}</UniqueIdentifier>
    </Filter>
    <Filter Include="code\utility\progressbar">
      <UniqueIdentifier>{8c96ba28-0940-4f47-bff1-e86c6a495a5a}</UniqueIdentifier>
    </Filter>
    <Filter Include="code\utility\commandline">
      <UniqueIdentifier>{3eafb9c1-b3ca-44ca-8075-bcc651747256}</UniqueIdentifier>
    </Filter>
  </ItemGroup>
  <ItemGroup>
    <ClCompile Include="code\cjson\cJSON.c">
      <Filter>code\cjson</Filter>
    </ClCompile>
    <ClCompile Include="code\cjson\cJSON_Utils.c">
      <Filter>code\cjson</Filter>
    </ClCompile>
    <ClCompile Include="code\core\action.cpp">
      <Filter>code\core</Filter>
    </ClCompile>
    <ClCompile Include="code\core\copypaste.cpp">
      <Filter>code\core</Filter>
    </ClCompile>
    <ClCompile Include="code\core\rule.cpp">
      <Filter>code\core</Filter>
    </ClCompile>
    <ClCompile Include="code\filesystem\fileaccessor.cpp">
      <Filter>code\filesystem</Filter>
    </ClCompile>
    <ClCompile Include="code\main.cpp">
      <Filter>code</Filter>
    </ClCompile>
    <ClCompile Include="code\core\manager.cpp">
      <Filter>code\core</Filter>
    </ClCompile>
    <ClCompile Include="code\utility\commandline\commandline.cpp">
      <Filter>code\utility\commandline</Filter>
    </ClCompile>
  </ItemGroup>
  <ItemGroup>
    <ClInclude Include="code\cjson\cJSON.h">
      <Filter>code\cjson</Filter>
    </ClInclude>
    <ClInclude Include="code\cjson\cJSON_Utils.h">
      <Filter>code\cjson</Filter>
    </ClInclude>
    <ClInclude Include="code\core\action.h">
      <Filter>code\core</Filter>
    </ClInclude>
    <ClInclude Include="code\core\copypaste.h">
      <Filter>code\core</Filter>
    </ClInclude>
    <ClInclude Include="code\core\rule.h">
      <Filter>code\core</Filter>
    </ClInclude>
    <ClInclude Include="code\filesystem\fileaccessor.h">
      <Filter>code\filesystem</Filter>
    </ClInclude>
    <ClInclude Include="code\core\manager.h">
      <Filter>code\core</Filter>
    </ClInclude>
    <ClInclude Include="code\utility\commandline\commandline.h">
      <Filter>code\utility\commandline</Filter>
    </ClInclude>
    <ClInclude Include="code\ytype.h">
      <Filter>code</Filter>
    </ClInclude>
  </ItemGroup>
</Project>